
Microsoft Visual Studio Solution File, Format Version 12.00
# Visual Studio Version 16
VisualStudioVersion = 16.0.30804.86
MinimumVisualStudioVersion = 10.0.40219.1
Project("{FAE04EC0-301F-11D3-BF4B-00C04F79EFBC}") = "654. Maximum Binary Tree_New", "654. Maximum Binary Tree_New\654. Maximum Binary Tree_New.csproj", "{DEE727D3-D9D8-4339-B94F-A09FE251C732}"
EndProject
Global
	GlobalSection(SolutionConfigurationPlatforms) = preSolution
		Debug|Any CPU = Debug|Any CPU
		Release|Any CPU = Release|Any CPU
	EndGlobalSection
	GlobalSection(ProjectConfigurationPlatforms) = postSolution
		{DEE727D3-D9D8-4339-B94F-A09FE251C732}.Debug|Any CPU.ActiveCfg = Debug|Any CPU
		{DEE727D3-D9D8-4339-B94F-A09FE251C732}.Debug|Any CPU.Build.0 = Debug|Any CPU
		{DEE727D3-D9D8-4339-B94F-A09FE251C732}.Release|Any CPU.ActiveCfg = Release|Any CPU
		{DEE727D3-D9D8-4339-B94F-A09FE251C732}.Release|Any CPU.Build.0 = Release|Any CPU
	EndGlobalSection
	GlobalSection(SolutionProperties) = preSolution
		HideSolutionNode = FALSE
	EndGlobalSection
	GlobalSection(ExtensibilityGlobals) = postSolution
		SolutionGuid = {FF3F33D7-4EBA-4085-88D6-ED0D869C9591}
	EndGlobalSection
EndGlobal
